// !$*UTF8*$!
{
	archiveVersion = 1;
	classes = {
	};
	objectVersion = 56;
	objects = {

/* Begin PBXBuildFile section */
		074EF893291C2A56002DCB55 /* StreakView.swift in Sources */ = {isa = PBXBuildFile; fileRef = 074EF892291C2A56002DCB55 /* StreakView.swift */; };
		074EF89B291DF6B4002DCB55 /* WidgetKit.framework in Frameworks */ = {isa = PBXBuildFile; fileRef = 074EF89A291DF6B4002DCB55 /* WidgetKit.framework */; };
		074EF89D291DF6B4002DCB55 /* SwiftUI.framework in Frameworks */ = {isa = PBXBuildFile; fileRef = 074EF89C291DF6B4002DCB55 /* SwiftUI.framework */; };
		074EF8A0291DF6B4002DCB55 /* SwiftCalWidgetBundle.swift in Sources */ = {isa = PBXBuildFile; fileRef = 074EF89F291DF6B4002DCB55 /* SwiftCalWidgetBundle.swift */; };
		074EF8A2291DF6B4002DCB55 /* SwiftCalWidget.swift in Sources */ = {isa = PBXBuildFile; fileRef = 074EF8A1291DF6B4002DCB55 /* SwiftCalWidget.swift */; };
		074EF8A4291DF6B5002DCB55 /* Assets.xcassets in Resources */ = {isa = PBXBuildFile; fileRef = 074EF8A3291DF6B5002DCB55 /* Assets.xcassets */; };
		074EF8A8291DF6B5002DCB55 /* SwiftCalWidgetExtension.appex in Embed Foundation Extensions */ = {isa = PBXBuildFile; fileRef = 074EF898291DF6B4002DCB55 /* SwiftCalWidgetExtension.appex */; settings = {ATTRIBUTES = (RemoveHeadersOnCopy, ); }; };
		074EF8AF291E0292002DCB55 /* CalendarHeaderView.swift in Sources */ = {isa = PBXBuildFile; fileRef = 074EF8AE291E0291002DCB55 /* CalendarHeaderView.swift */; };
		074EF8B0291E0292002DCB55 /* CalendarHeaderView.swift in Sources */ = {isa = PBXBuildFile; fileRef = 074EF8AE291E0291002DCB55 /* CalendarHeaderView.swift */; };
		076D41F02916A36000417102 /* Date+ext.swift in Sources */ = {isa = PBXBuildFile; fileRef = 076D41EF2916A36000417102 /* Date+ext.swift */; };
		07D4F2972913555700B8FBBD /* SwiftCalApp.swift in Sources */ = {isa = PBXBuildFile; fileRef = 07D4F2962913555700B8FBBD /* SwiftCalApp.swift */; };
		07D4F2992913555700B8FBBD /* Persistence.swift in Sources */ = {isa = PBXBuildFile; fileRef = 07D4F2982913555700B8FBBD /* Persistence.swift */; };
		07D4F29C2913555700B8FBBD /* SwiftCal.xcdatamodeld in Sources */ = {isa = PBXBuildFile; fileRef = 07D4F29A2913555700B8FBBD /* SwiftCal.xcdatamodeld */; };
		07D4F29E2913555700B8FBBD /* CalendarView.swift in Sources */ = {isa = PBXBuildFile; fileRef = 07D4F29D2913555700B8FBBD /* CalendarView.swift */; };
		07D4F2A02913555800B8FBBD /* Assets.xcassets in Resources */ = {isa = PBXBuildFile; fileRef = 07D4F29F2913555800B8FBBD /* Assets.xcassets */; };
		07D4F2A42913555800B8FBBD /* Preview Assets.xcassets in Resources */ = {isa = PBXBuildFile; fileRef = 07D4F2A32913555800B8FBBD /* Preview Assets.xcassets */; };
/* End PBXBuildFile section */

/* Begin PBXContainerItemProxy section */
		074EF8A6291DF6B5002DCB55 /* PBXContainerItemProxy */ = {
			isa = PBXContainerItemProxy;
			containerPortal = 07D4F28B2913555700B8FBBD /* Project object */;
			proxyType = 1;
			remoteGlobalIDString = 074EF897291DF6B4002DCB55;
			remoteInfo = SwiftCalWidgetExtension;
		};
/* End PBXContainerItemProxy section */

/* Begin PBXCopyFilesBuildPhase section */
		074EF8A9291DF6B5002DCB55 /* Embed Foundation Extensions */ = {
			isa = PBXCopyFilesBuildPhase;
			buildActionMask = 2147483647;
			dstPath = "";
			dstSubfolderSpec = 13;
			files = (
				074EF8A8291DF6B5002DCB55 /* SwiftCalWidgetExtension.appex in Embed Foundation Extensions */,
			);
			name = "Embed Foundation Extensions";
			runOnlyForDeploymentPostprocessing = 0;
		};
/* End PBXCopyFilesBuildPhase section */

/* Begin PBXFileReference section */
		074EF892291C2A56002DCB55 /* StreakView.swift */ = {isa = PBXFileReference; lastKnownFileType = sourcecode.swift; path = StreakView.swift; sourceTree = "<group>"; };
		074EF898291DF6B4002DCB55 /* SwiftCalWidgetExtension.appex */ = {isa = PBXFileReference; explicitFileType = "wrapper.app-extension"; includeInIndex = 0; path = SwiftCalWidgetExtension.appex; sourceTree = BUILT_PRODUCTS_DIR; };
		074EF89A291DF6B4002DCB55 /* WidgetKit.framework */ = {isa = PBXFileReference; lastKnownFileType = wrapper.framework; name = WidgetKit.framework; path = System/Library/Frameworks/WidgetKit.framework; sourceTree = SDKROOT; };
		074EF89C291DF6B4002DCB55 /* SwiftUI.framework */ = {isa = PBXFileReference; lastKnownFileType = wrapper.framework; name = SwiftUI.framework; path = System/Library/Frameworks/SwiftUI.framework; sourceTree = SDKROOT; };
		074EF89F291DF6B4002DCB55 /* SwiftCalWidgetBundle.swift */ = {isa = PBXFileReference; lastKnownFileType = sourcecode.swift; path = SwiftCalWidgetBundle.swift; sourceTree = "<group>"; };
		074EF8A1291DF6B4002DCB55 /* SwiftCalWidget.swift */ = {isa = PBXFileReference; lastKnownFileType = sourcecode.swift; path = SwiftCalWidget.swift; sourceTree = "<group>"; };
		074EF8A3291DF6B5002DCB55 /* Assets.xcassets */ = {isa = PBXFileReference; lastKnownFileType = folder.assetcatalog; path = Assets.xcassets; sourceTree = "<group>"; };
		074EF8A5291DF6B5002DCB55 /* Info.plist */ = {isa = PBXFileReference; lastKnownFileType = text.plist.xml; path = Info.plist; sourceTree = "<group>"; };
		074EF8AD291DF751002DCB55 /* SwiftCalWidgetExtension.entitlements */ = {isa = PBXFileReference; lastKnownFileType = text.plist.entitlements; path = SwiftCalWidgetExtension.entitlements; sourceTree = "<group>"; };
		074EF8AE291E0291002DCB55 /* CalendarHeaderView.swift */ = {isa = PBXFileReference; lastKnownFileType = sourcecode.swift; path = CalendarHeaderView.swift; sourceTree = "<group>"; };
		076D41EF2916A36000417102 /* Date+ext.swift */ = {isa = PBXFileReference; lastKnownFileType = sourcecode.swift; path = "Date+ext.swift"; sourceTree = "<group>"; };
		07D4F2932913555700B8FBBD /* SwiftCal.app */ = {isa = PBXFileReference; explicitFileType = wrapper.application; includeInIndex = 0; path = SwiftCal.app; sourceTree = BUILT_PRODUCTS_DIR; };
		07D4F2962913555700B8FBBD /* SwiftCalApp.swift */ = {isa = PBXFileReference; lastKnownFileType = sourcecode.swift; path = SwiftCalApp.swift; sourceTree = "<group>"; };
		07D4F2982913555700B8FBBD /* Persistence.swift */ = {isa = PBXFileReference; lastKnownFileType = sourcecode.swift; path = Persistence.swift; sourceTree = "<group>"; };
		07D4F29B2913555700B8FBBD /* SwiftCal.xcdatamodel */ = {isa = PBXFileReference; lastKnownFileType = wrapper.xcdatamodel; path = SwiftCal.xcdatamodel; sourceTree = "<group>"; };
		07D4F29D2913555700B8FBBD /* CalendarView.swift */ = {isa = PBXFileReference; lastKnownFileType = sourcecode.swift; path = CalendarView.swift; sourceTree = "<group>"; };
		07D4F29F2913555800B8FBBD /* Assets.xcassets */ = {isa = PBXFileReference; lastKnownFileType = folder.assetcatalog; path = Assets.xcassets; sourceTree = "<group>"; };
		07D4F2A12913555800B8FBBD /* SwiftCal.entitlements */ = {isa = PBXFileReference; lastKnownFileType = text.plist.entitlements; path = SwiftCal.entitlements; sourceTree = "<group>"; };
		07D4F2A32913555800B8FBBD /* Preview Assets.xcassets */ = {isa = PBXFileReference; lastKnownFileType = folder.assetcatalog; path = "Preview Assets.xcassets"; sourceTree = "<group>"; };
/* End PBXFileReference section */

/* Begin PBXFrameworksBuildPhase section */
		074EF895291DF6B4002DCB55 /* Frameworks */ = {
			isa = PBXFrameworksBuildPhase;
			buildActionMask = 2147483647;
			files = (
				074EF89D291DF6B4002DCB55 /* SwiftUI.framework in Frameworks */,
				074EF89B291DF6B4002DCB55 /* WidgetKit.framework in Frameworks */,
			);
			runOnlyForDeploymentPostprocessing = 0;
		};
		07D4F2902913555700B8FBBD /* Frameworks */ = {
			isa = PBXFrameworksBuildPhase;
			buildActionMask = 2147483647;
			files = (
			);
			runOnlyForDeploymentPostprocessing = 0;
		};
/* End PBXFrameworksBuildPhase section */

/* Begin PBXGroup section */
		074EF899291DF6B4002DCB55 /* Frameworks */ = {
			isa = PBXGroup;
			children = (
				074EF89A291DF6B4002DCB55 /* WidgetKit.framework */,
				074EF89C291DF6B4002DCB55 /* SwiftUI.framework */,
			);
			name = Frameworks;
			sourceTree = "<group>";
		};
		074EF89E291DF6B4002DCB55 /* SwiftCalWidget */ = {
			isa = PBXGroup;
			children = (
				074EF89F291DF6B4002DCB55 /* SwiftCalWidgetBundle.swift */,
				074EF8A1291DF6B4002DCB55 /* SwiftCalWidget.swift */,
				074EF8A3291DF6B5002DCB55 /* Assets.xcassets */,
				074EF8A5291DF6B5002DCB55 /* Info.plist */,
			);
			path = SwiftCalWidget;
			sourceTree = "<group>";
		};
		07D4F28A2913555700B8FBBD = {
			isa = PBXGroup;
			children = (
				074EF8AD291DF751002DCB55 /* SwiftCalWidgetExtension.entitlements */,
				07D4F2952913555700B8FBBD /* SwiftCal */,
				074EF89E291DF6B4002DCB55 /* SwiftCalWidget */,
				074EF899291DF6B4002DCB55 /* Frameworks */,
				07D4F2942913555700B8FBBD /* Products */,
			);
			sourceTree = "<group>";
		};
		07D4F2942913555700B8FBBD /* Products */ = {
			isa = PBXGroup;
			children = (
				07D4F2932913555700B8FBBD /* SwiftCal.app */,
				074EF898291DF6B4002DCB55 /* SwiftCalWidgetExtension.appex */,
			);
			name = Products;
			sourceTree = "<group>";
		};
		07D4F2952913555700B8FBBD /* SwiftCal */ = {
			isa = PBXGroup;
			children = (
				07D4F2962913555700B8FBBD /* SwiftCalApp.swift */,
				07D4F2982913555700B8FBBD /* Persistence.swift */,
				07D4F29D2913555700B8FBBD /* CalendarView.swift */,
				07D4F29F2913555800B8FBBD /* Assets.xcassets */,
				07D4F2A12913555800B8FBBD /* SwiftCal.entitlements */,
				07D4F29A2913555700B8FBBD /* SwiftCal.xcdatamodeld */,
				07D4F2A22913555800B8FBBD /* Preview Content */,
				076D41EF2916A36000417102 /* Date+ext.swift */,
				074EF892291C2A56002DCB55 /* StreakView.swift */,
				074EF8AE291E0291002DCB55 /* CalendarHeaderView.swift */,
			);
			path = SwiftCal;
			sourceTree = "<group>";
		};
		07D4F2A22913555800B8FBBD /* Preview Content */ = {
			isa = PBXGroup;
			children = (
				07D4F2A32913555800B8FBBD /* Preview Assets.xcassets */,
			);
			path = "Preview Content";
			sourceTree = "<group>";
		};
/* End PBXGroup section */

/* Begin PBXNativeTarget section */
		074EF897291DF6B4002DCB55 /* SwiftCalWidgetExtension */ = {
			isa = PBXNativeTarget;
			buildConfigurationList = 074EF8AC291DF6B5002DCB55 /* Build configuration list for PBXNativeTarget "SwiftCalWidgetExtension" */;
			buildPhases = (
				074EF894291DF6B4002DCB55 /* Sources */,
				074EF895291DF6B4002DCB55 /* Frameworks */,
				074EF896291DF6B4002DCB55 /* Resources */,
			);
			buildRules = (
			);
			dependencies = (
			);
			name = SwiftCalWidgetExtension;
			productName = SwiftCalWidgetExtension;
			productReference = 074EF898291DF6B4002DCB55 /* SwiftCalWidgetExtension.appex */;
			productType = "com.apple.product-type.app-extension";
		};
		07D4F2922913555700B8FBBD /* SwiftCal */ = {
			isa = PBXNativeTarget;
			buildConfigurationList = 07D4F2A72913555800B8FBBD /* Build configuration list for PBXNativeTarget "SwiftCal" */;
			buildPhases = (
				07D4F28F2913555700B8FBBD /* Sources */,
				07D4F2902913555700B8FBBD /* Frameworks */,
				07D4F2912913555700B8FBBD /* Resources */,
				074EF8A9291DF6B5002DCB55 /* Embed Foundation Extensions */,
			);
			buildRules = (
			);
			dependencies = (
				074EF8A7291DF6B5002DCB55 /* PBXTargetDependency */,
			);
			name = SwiftCal;
			productName = SwiftCal;
			productReference = 07D4F2932913555700B8FBBD /* SwiftCal.app */;
			productType = "com.apple.product-type.application";
		};
/* End PBXNativeTarget section */

/* Begin PBXProject section */
		07D4F28B2913555700B8FBBD /* Project object */ = {
			isa = PBXProject;
			attributes = {
				BuildIndependentTargetsInParallel = 1;
				LastSwiftUpdateCheck = 1410;
				LastUpgradeCheck = 1400;
				TargetAttributes = {
					074EF897291DF6B4002DCB55 = {
						CreatedOnToolsVersion = 14.1;
					};
					07D4F2922913555700B8FBBD = {
						CreatedOnToolsVersion = 14.0.1;
					};
				};
			};
			buildConfigurationList = 07D4F28E2913555700B8FBBD /* Build configuration list for PBXProject "SwiftCal" */;
			compatibilityVersion = "Xcode 14.0";
			developmentRegion = en;
			hasScannedForEncodings = 0;
			knownRegions = (
				en,
				Base,
			);
			mainGroup = 07D4F28A2913555700B8FBBD;
			productRefGroup = 07D4F2942913555700B8FBBD /* Products */;
			projectDirPath = "";
			projectRoot = "";
			targets = (
				07D4F2922913555700B8FBBD /* SwiftCal */,
				074EF897291DF6B4002DCB55 /* SwiftCalWidgetExtension */,
			);
		};
/* End PBXProject section */

/* Begin PBXResourcesBuildPhase section */
		074EF896291DF6B4002DCB55 /* Resources */ = {
			isa = PBXResourcesBuildPhase;
			buildActionMask = 2147483647;
			files = (
				074EF8A4291DF6B5002DCB55 /* Assets.xcassets in Resources */,
			);
			runOnlyForDeploymentPostprocessing = 0;
		};
		07D4F2912913555700B8FBBD /* Resources */ = {
			isa = PBXResourcesBuildPhase;
			buildActionMask = 2147483647;
			files = (
				07D4F2A42913555800B8FBBD /* Preview Assets.xcassets in Resources */,
				07D4F2A02913555800B8FBBD /* Assets.xcassets in Resources */,
			);
			runOnlyForDeploymentPostprocessing = 0;
		};
/* End PBXResourcesBuildPhase section */

/* Begin PBXSourcesBuildPhase section */
		074EF894291DF6B4002DCB55 /* Sources */ = {
			isa = PBXSourcesBuildPhase;
			buildActionMask = 2147483647;
			files = (
				074EF8A2291DF6B4002DCB55 /* SwiftCalWidget.swift in Sources */,
				074EF8B0291E0292002DCB55 /* CalendarHeaderView.swift in Sources */,
				074EF8A0291DF6B4002DCB55 /* SwiftCalWidgetBundle.swift in Sources */,
			);
			runOnlyForDeploymentPostprocessing = 0;
		};
		07D4F28F2913555700B8FBBD /* Sources */ = {
			isa = PBXSourcesBuildPhase;
			buildActionMask = 2147483647;
			files = (
				074EF893291C2A56002DCB55 /* StreakView.swift in Sources */,
				07D4F2972913555700B8FBBD /* SwiftCalApp.swift in Sources */,
				074EF8AF291E0292002DCB55 /* CalendarHeaderView.swift in Sources */,
				07D4F2992913555700B8FBBD /* Persistence.swift in Sources */,
				07D4F29E2913555700B8FBBD /* CalendarView.swift in Sources */,
				07D4F29C2913555700B8FBBD /* SwiftCal.xcdatamodeld in Sources */,
				076D41F02916A36000417102 /* Date+ext.swift in Sources */,
			);
			runOnlyForDeploymentPostprocessing = 0;
		};
/* End PBXSourcesBuildPhase section */

/* Begin PBXTargetDependency section */
		074EF8A7291DF6B5002DCB55 /* PBXTargetDependency */ = {
			isa = PBXTargetDependency;
			target = 074EF897291DF6B4002DCB55 /* SwiftCalWidgetExtension */;
			targetProxy = 074EF8A6291DF6B5002DCB55 /* PBXContainerItemProxy */;
		};
/* End PBXTargetDependency section */

/* Begin XCBuildConfiguration section */
		074EF8AA291DF6B5002DCB55 /* Debug */ = {
			isa = XCBuildConfiguration;
			buildSettings = {
				ASSETCATALOG_COMPILER_GLOBAL_ACCENT_COLOR_NAME = AccentColor;
				ASSETCATALOG_COMPILER_WIDGET_BACKGROUND_COLOR_NAME = WidgetBackground;
				CODE_SIGN_ENTITLEMENTS = SwiftCalWidgetExtension.entitlements;
				CODE_SIGN_STYLE = Automatic;
				CURRENT_PROJECT_VERSION = 1;
				DEVELOPMENT_TEAM = S5B48PD3CP;
				GENERATE_INFOPLIST_FILE = YES;
				INFOPLIST_FILE = SwiftCalWidget/Info.plist;
				INFOPLIST_KEY_CFBundleDisplayName = SwiftCalWidget;
				INFOPLIST_KEY_NSHumanReadableCopyright = "";
				IPHONEOS_DEPLOYMENT_TARGET = 16.1;
				LD_RUNPATH_SEARCH_PATHS = (
					"$(inherited)",
					"@executable_path/Frameworks",
					"@executable_path/../../Frameworks",
				);
				MARKETING_VERSION = 1.0;
				PRODUCT_BUNDLE_IDENTIFIER = py.com.fabianskier.SwiftCal.SwiftCalWidget;
				PRODUCT_NAME = "$(TARGET_NAME)";
				SDKROOT = iphoneos;
				SKIP_INSTALL = YES;
				SWIFT_EMIT_LOC_STRINGS = YES;
				SWIFT_VERSION = 5.0;
				TARGETED_DEVICE_FAMILY = "1,2";
			};
			name = Debug;
		};
		074EF8AB291DF6B5002DCB55 /* Release */ = {
			isa = XCBuildConfiguration;
			buildSettings = {
				ASSETCATALOG_COMPILER_GLOBAL_ACCENT_COLOR_NAME = AccentColor;
				ASSETCATALOG_COMPILER_WIDGET_BACKGROUND_COLOR_NAME = WidgetBackground;
				CODE_SIGN_ENTITLEMENTS = SwiftCalWidgetExtension.entitlements;
				CODE_SIGN_STYLE = Automatic;
				CURRENT_PROJECT_VERSION = 1;
				DEVELOPMENT_TEAM = S5B48PD3CP;
				GENERATE_INFOPLIST_FILE = YES;
				INFOPLIST_FILE = SwiftCalWidget/Info.plist;
				INFOPLIST_KEY_CFBundleDisplayName = SwiftCalWidget;
				INFOPLIST_KEY_NSHumanReadableCopyright = "";
				IPHONEOS_DEPLOYMENT_TARGET = 16.1;
				LD_RUNPATH_SEARCH_PATHS = (
					"$(inherited)",
					"@executable_path/Frameworks",
					"@executable_path/../../Frameworks",
				);
				MARKETING_VERSION = 1.0;
				PRODUCT_BUNDLE_IDENTIFIER = py.com.fabianskier.SwiftCal.SwiftCalWidget;
				PRODUCT_NAME = "$(TARGET_NAME)";
				SDKROOT = iphoneos;
				SKIP_INSTALL = YES;
				SWIFT_EMIT_LOC_STRINGS = YES;
				SWIFT_VERSION = 5.0;
				TARGETED_DEVICE_FAMILY = "1,2";
				VALIDATE_PRODUCT = YES;
			};
			name = Release;
		};
		07D4F2A52913555800B8FBBD /* Debug */ = {
			isa = XCBuildConfiguration;
			buildSettings = {
				ALWAYS_SEARCH_USER_PATHS = NO;
				CLANG_ANALYZER_NONNULL = YES;
				CLANG_ANALYZER_NUMBER_OBJECT_CONVERSION = YES_AGGRESSIVE;
				CLANG_CXX_LANGUAGE_STANDARD = "gnu++20";
				CLANG_ENABLE_MODULES = YES;
				CLANG_ENABLE_OBJC_ARC = YES;
				CLANG_ENABLE_OBJC_WEAK = YES;
				CLANG_WARN_BLOCK_CAPTURE_AUTORELEASING = YES;
				CLANG_WARN_BOOL_CONVERSION = YES;
				CLANG_WARN_COMMA = YES;
				CLANG_WARN_CONSTANT_CONVERSION = YES;
				CLANG_WARN_DEPRECATED_OBJC_IMPLEMENTATIONS = YES;
				CLANG_WARN_DIRECT_OBJC_ISA_USAGE = YES_ERROR;
				CLANG_WARN_DOCUMENTATION_COMMENTS = YES;
				CLANG_WARN_EMPTY_BODY = YES;
				CLANG_WARN_ENUM_CONVERSION = YES;
				CLANG_WARN_INFINITE_RECURSION = YES;
				CLANG_WARN_INT_CONVERSION = YES;
				CLANG_WARN_NON_LITERAL_NULL_CONVERSION = YES;
				CLANG_WARN_OBJC_IMPLICIT_RETAIN_SELF = YES;
				CLANG_WARN_OBJC_LITERAL_CONVERSION = YES;
				CLANG_WARN_OBJC_ROOT_CLASS = YES_ERROR;
				CLANG_WARN_QUOTED_INCLUDE_IN_FRAMEWORK_HEADER = YES;
				CLANG_WARN_RANGE_LOOP_ANALYSIS = YES;
				CLANG_WARN_STRICT_PROTOTYPES = YES;
				CLANG_WARN_SUSPICIOUS_MOVE = YES;
				CLANG_WARN_UNGUARDED_AVAILABILITY = YES_AGGRESSIVE;
				CLANG_WARN_UNREACHABLE_CODE = YES;
				CLANG_WARN__DUPLICATE_METHOD_MATCH = YES;
				COPY_PHASE_STRIP = NO;
				DEBUG_INFORMATION_FORMAT = dwarf;
				ENABLE_STRICT_OBJC_MSGSEND = YES;
				ENABLE_TESTABILITY = YES;
				GCC_C_LANGUAGE_STANDARD = gnu11;
				GCC_DYNAMIC_NO_PIC = NO;
				GCC_NO_COMMON_BLOCKS = YES;
				GCC_OPTIMIZATION_LEVEL = 0;
				GCC_PREPROCESSOR_DEFINITIONS = (
					"DEBUG=1",
					"$(inherited)",
				);
				GCC_WARN_64_TO_32_BIT_CONVERSION = YES;
				GCC_WARN_ABOUT_RETURN_TYPE = YES_ERROR;
				GCC_WARN_UNDECLARED_SELECTOR = YES;
				GCC_WARN_UNINITIALIZED_AUTOS = YES_AGGRESSIVE;
				GCC_WARN_UNUSED_FUNCTION = YES;
				GCC_WARN_UNUSED_VARIABLE = YES;
				MTL_ENABLE_DEBUG_INFO = INCLUDE_SOURCE;
				MTL_FAST_MATH = YES;
				ONLY_ACTIVE_ARCH = YES;
				SWIFT_ACTIVE_COMPILATION_CONDITIONS = DEBUG;
				SWIFT_OPTIMIZATION_LEVEL = "-Onone";
			};
			name = Debug;
		};
		07D4F2A62913555800B8FBBD /* Release */ = {
			isa = XCBuildConfiguration;
			buildSettings = {
				ALWAYS_SEARCH_USER_PATHS = NO;
				CLANG_ANALYZER_NONNULL = YES;
				CLANG_ANALYZER_NUMBER_OBJECT_CONVERSION = YES_AGGRESSIVE;
				CLANG_CXX_LANGUAGE_STANDARD = "gnu++20";
				CLANG_ENABLE_MODULES = YES;
				CLANG_ENABLE_OBJC_ARC = YES;
				CLANG_ENABLE_OBJC_WEAK = YES;
				CLANG_WARN_BLOCK_CAPTURE_AUTORELEASING = YES;
				CLANG_WARN_BOOL_CONVERSION = YES;
				CLANG_WARN_COMMA = YES;
				CLANG_WARN_CONSTANT_CONVERSION = YES;
				CLANG_WARN_DEPRECATED_OBJC_IMPLEMENTATIONS = YES;
				CLANG_WARN_DIRECT_OBJC_ISA_USAGE = YES_ERROR;
				CLANG_WARN_DOCUMENTATION_COMMENTS = YES;
				CLANG_WARN_EMPTY_BODY = YES;
				CLANG_WARN_ENUM_CONVERSION = YES;
				CLANG_WARN_INFINITE_RECURSION = YES;
				CLANG_WARN_INT_CONVERSION = YES;
				CLANG_WARN_NON_LITERAL_NULL_CONVERSION = YES;
				CLANG_WARN_OBJC_IMPLICIT_RETAIN_SELF = YES;
				CLANG_WARN_OBJC_LITERAL_CONVERSION = YES;
				CLANG_WARN_OBJC_ROOT_CLASS = YES_ERROR;
				CLANG_WARN_QUOTED_INCLUDE_IN_FRAMEWORK_HEADER = YES;
				CLANG_WARN_RANGE_LOOP_ANALYSIS = YES;
				CLANG_WARN_STRICT_PROTOTYPES = YES;
				CLANG_WARN_SUSPICIOUS_MOVE = YES;
				CLANG_WARN_UNGUARDED_AVAILABILITY = YES_AGGRESSIVE;
				CLANG_WARN_UNREACHABLE_CODE = YES;
				CLANG_WARN__DUPLICATE_METHOD_MATCH = YES;
				COPY_PHASE_STRIP = NO;
				DEBUG_INFORMATION_FORMAT = "dwarf-with-dsym";
				ENABLE_NS_ASSERTIONS = NO;
				ENABLE_STRICT_OBJC_MSGSEND = YES;
				GCC_C_LANGUAGE_STANDARD = gnu11;
				GCC_NO_COMMON_BLOCKS = YES;
				GCC_WARN_64_TO_32_BIT_CONVERSION = YES;
				GCC_WARN_ABOUT_RETURN_TYPE = YES_ERROR;
				GCC_WARN_UNDECLARED_SELECTOR = YES;
				GCC_WARN_UNINITIALIZED_AUTOS = YES_AGGRESSIVE;
				GCC_WARN_UNUSED_FUNCTION = YES;
				GCC_WARN_UNUSED_VARIABLE = YES;
				MTL_ENABLE_DEBUG_INFO = NO;
				MTL_FAST_MATH = YES;
				SWIFT_COMPILATION_MODE = wholemodule;
				SWIFT_OPTIMIZATION_LEVEL = "-O";
			};
			name = Release;
		};
		07D4F2A82913555800B8FBBD /* Debug */ = {
			isa = XCBuildConfiguration;
			buildSettings = {
				ALWAYS_EMBED_SWIFT_STANDARD_LIBRARIES = YES;
				ASSETCATALOG_COMPILER_APPICON_NAME = AppIcon;
				ASSETCATALOG_COMPILER_GLOBAL_ACCENT_COLOR_NAME = AccentColor;
				CODE_SIGN_ENTITLEMENTS = SwiftCal/SwiftCal.entitlements;
				CODE_SIGN_STYLE = Automatic;
				CURRENT_PROJECT_VERSION = 1;
				DEVELOPMENT_ASSET_PATHS = "\"SwiftCal/Preview Content\"";
				DEVELOPMENT_TEAM = S5B48PD3CP;
				ENABLE_HARDENED_RUNTIME = YES;
				ENABLE_PREVIEWS = YES;
				GENERATE_INFOPLIST_FILE = YES;
				"INFOPLIST_KEY_UIApplicationSceneManifest_Generation[sdk=iphoneos*]" = YES;
				"INFOPLIST_KEY_UIApplicationSceneManifest_Generation[sdk=iphonesimulator*]" = YES;
				"INFOPLIST_KEY_UIApplicationSupportsIndirectInputEvents[sdk=iphoneos*]" = YES;
				"INFOPLIST_KEY_UIApplicationSupportsIndirectInputEvents[sdk=iphonesimulator*]" = YES;
				"INFOPLIST_KEY_UILaunchScreen_Generation[sdk=iphoneos*]" = YES;
				"INFOPLIST_KEY_UILaunchScreen_Generation[sdk=iphonesimulator*]" = YES;
				"INFOPLIST_KEY_UIStatusBarStyle[sdk=iphoneos*]" = UIStatusBarStyleDefault;
				"INFOPLIST_KEY_UIStatusBarStyle[sdk=iphonesimulator*]" = UIStatusBarStyleDefault;
				INFOPLIST_KEY_UISupportedInterfaceOrientations_iPad = "UIInterfaceOrientationPortrait UIInterfaceOrientationPortraitUpsideDown UIInterfaceOrientationLandscapeLeft UIInterfaceOrientationLandscapeRight";
				INFOPLIST_KEY_UISupportedInterfaceOrientations_iPhone = "UIInterfaceOrientationPortrait UIInterfaceOrientationLandscapeLeft UIInterfaceOrientationLandscapeRight";
				IPHONEOS_DEPLOYMENT_TARGET = 16.0;
				LD_RUNPATH_SEARCH_PATHS = "@executable_path/Frameworks";
				"LD_RUNPATH_SEARCH_PATHS[sdk=macosx*]" = "@executable_path/../Frameworks";
				MACOSX_DEPLOYMENT_TARGET = 12.3;
				MARKETING_VERSION = 1.0;
				PRODUCT_BUNDLE_IDENTIFIER = py.com.fabianskier.SwiftCal;
				PRODUCT_NAME = "$(TARGET_NAME)";
				SDKROOT = auto;
				SUPPORTED_PLATFORMS = "iphoneos iphonesimulator macosx";
				SWIFT_EMIT_LOC_STRINGS = YES;
				SWIFT_VERSION = 5.0;
				TARGETED_DEVICE_FAMILY = "1,2";
			};
			name = Debug;
		};
		07D4F2A92913555800B8FBBD /* Release */ = {
			isa = XCBuildConfiguration;
			buildSettings = {
				ALWAYS_EMBED_SWIFT_STANDARD_LIBRARIES = YES;
				ASSETCATALOG_COMPILER_APPICON_NAME = AppIcon;
				ASSETCATALOG_COMPILER_GLOBAL_ACCENT_COLOR_NAME = AccentColor;
				CODE_SIGN_ENTITLEMENTS = SwiftCal/SwiftCal.entitlements;
				CODE_SIGN_STYLE = Automatic;
				CURRENT_PROJECT_VERSION = 1;
				DEVELOPMENT_ASSET_PATHS = "\"SwiftCal/Preview Content\"";
				DEVELOPMENT_TEAM = S5B48PD3CP;
				ENABLE_HARDENED_RUNTIME = YES;
				ENABLE_PREVIEWS = YES;
				GENERATE_INFOPLIST_FILE = YES;
				"INFOPLIST_KEY_UIApplicationSceneManifest_Generation[sdk=iphoneos*]" = YES;
				"INFOPLIST_KEY_UIApplicationSceneManifest_Generation[sdk=iphonesimulator*]" = YES;
				"INFOPLIST_KEY_UIApplicationSupportsIndirectInputEvents[sdk=iphoneos*]" = YES;
				"INFOPLIST_KEY_UIApplicationSupportsIndirectInputEvents[sdk=iphonesimulator*]" = YES;
				"INFOPLIST_KEY_UILaunchScreen_Generation[sdk=iphoneos*]" = YES;
				"INFOPLIST_KEY_UILaunchScreen_Generation[sdk=iphonesimulator*]" = YES;
				"INFOPLIST_KEY_UIStatusBarStyle[sdk=iphoneos*]" = UIStatusBarStyleDefault;
				"INFOPLIST_KEY_UIStatusBarStyle[sdk=iphonesimulator*]" = UIStatusBarStyleDefault;
				INFOPLIST_KEY_UISupportedInterfaceOrientations_iPad = "UIInterfaceOrientationPortrait UIInterfaceOrientationPortraitUpsideDown UIInterfaceOrientationLandscapeLeft UIInterfaceOrientationLandscapeRight";
				INFOPLIST_KEY_UISupportedInterfaceOrientations_iPhone = "UIInterfaceOrientationPortrait UIInterfaceOrientationLandscapeLeft UIInterfaceOrientationLandscapeRight";
				IPHONEOS_DEPLOYMENT_TARGET = 16.0;
				LD_RUNPATH_SEARCH_PATHS = "@executable_path/Frameworks";
				"LD_RUNPATH_SEARCH_PATHS[sdk=macosx*]" = "@executable_path/../Frameworks";
				MACOSX_DEPLOYMENT_TARGET = 12.3;
				MARKETING_VERSION = 1.0;
				PRODUCT_BUNDLE_IDENTIFIER = py.com.fabianskier.SwiftCal;
				PRODUCT_NAME = "$(TARGET_NAME)";
				SDKROOT = auto;
				SUPPORTED_PLATFORMS = "iphoneos iphonesimulator macosx";
				SWIFT_EMIT_LOC_STRINGS = YES;
				SWIFT_VERSION = 5.0;
				TARGETED_DEVICE_FAMILY = "1,2";
			};
			name = Release;
		};
/* End XCBuildConfiguration section */

/* Begin XCConfigurationList section */
		074EF8AC291DF6B5002DCB55 /* Build configuration list for PBXNativeTarget "SwiftCalWidgetExtension" */ = {
			isa = XCConfigurationList;
			buildConfigurations = (
				074EF8AA291DF6B5002DCB55 /* Debug */,
				074EF8AB291DF6B5002DCB55 /* Release */,
			);
			defaultConfigurationIsVisible = 0;
			defaultConfigurationName = Release;
		};
		07D4F28E2913555700B8FBBD /* Build configuration list for PBXProject "SwiftCal" */ = {
			isa = XCConfigurationList;
			buildConfigurations = (
				07D4F2A52913555800B8FBBD /* Debug */,
				07D4F2A62913555800B8FBBD /* Release */,
			);
			defaultConfigurationIsVisible = 0;
			defaultConfigurationName = Release;
		};
		07D4F2A72913555800B8FBBD /* Build configuration list for PBXNativeTarget "SwiftCal" */ = {
			isa = XCConfigurationList;
			buildConfigurations = (
				07D4F2A82913555800B8FBBD /* Debug */,
				07D4F2A92913555800B8FBBD /* Release */,
			);
			defaultConfigurationIsVisible = 0;
			defaultConfigurationName = Release;
		};
/* End XCConfigurationList section */

/* Begin XCVersionGroup section */
		07D4F29A2913555700B8FBBD /* SwiftCal.xcdatamodeld */ = {
			isa = XCVersionGroup;
			children = (
				07D4F29B2913555700B8FBBD /* SwiftCal.xcdatamodel */,
			);
			currentVersion = 07D4F29B2913555700B8FBBD /* SwiftCal.xcdatamodel */;
			path = SwiftCal.xcdatamodeld;
			sourceTree = "<group>";
			versionGroupType = wrapper.xcdatamodel;
		};
/* End XCVersionGroup section */
	};
	rootObject = 07D4F28B2913555700B8FBBD /* Project object */;
}
